{
    "_meta": {
        "hash": {
            "sha256": "574c37531fe235b84f1d252d58c1fca7b04dfefeee3eb4328693af2e84b98aac"
        },
        "pipfile-spec": 6,
        "requires": {
            "python_version": "3.8"
        },
        "sources": [
            {
                "name": "pypi",
                "url": "https://pypi.org/simple",
                "verify_ssl": true
            }
        ]
    },
    "default": {
        "antlr4-python3-runtime": {
            "hashes": [
                "sha256:061a49bc72ae05a35d9b61c0ba0ac36c0397708819f02fbfb20a80e47d287a1b"
            ],
            "index": "pypi",
            "version": "==4.10"
        }
    },
    "develop": {}
}
